// !$*UTF8*$!
{
	archiveVersion = 1;
	classes = {
	};
	objectVersion = 46;
	objects = {

/* Begin PBXBuildFile section */
		4A40F8AC1F02093A00871835 /* AppDelegate.swift in Sources */ = {isa = PBXBuildFile; fileRef = 4A40F8AB1F02093A00871835 /* AppDelegate.swift */; };
		4A40F8AE1F02093A00871835 /* ViewController.swift in Sources */ = {isa = PBXBuildFile; fileRef = 4A40F8AD1F02093A00871835 /* ViewController.swift */; };
		4A40F8B11F02093A00871835 /* Main.storyboard in Resources */ = {isa = PBXBuildFile; fileRef = 4A40F8AF1F02093A00871835 /* Main.storyboard */; };
		4A40F8B31F02093B00871835 /* Assets.xcassets in Resources */ = {isa = PBXBuildFile; fileRef = 4A40F8B21F02093B00871835 /* Assets.xcassets */; };
		4A40F8B61F02093B00871835 /* LaunchScreen.storyboard in Resources */ = {isa = PBXBuildFile; fileRef = 4A40F8B41F02093B00871835 /* LaunchScreen.storyboard */; };
		4A40F8BF1F0229A700871835 /* user.png in Resources */ = {isa = PBXBuildFile; fileRef = 4A40F8BE1F0229A700871835 /* user.png */; };
/* End PBXBuildFile section */

/* Begin PBXFileReference section */
		4A40F8A81F02093A00871835 /* MyApp10.app */ = {isa = PBXFileReference; explicitFileType = wrapper.application; includeInIndex = 0; path = MyApp10.app; sourceTree = BUILT_PRODUCTS_DIR; };
		4A40F8AB1F02093A00871835 /* AppDelegate.swift */ = {isa = PBXFileReference; lastKnownFileType = sourcecode.swift; path = AppDelegate.swift; sourceTree = "<group>"; };
		4A40F8AD1F02093A00871835 /* ViewController.swift */ = {isa = PBXFileReference; lastKnownFileType = sourcecode.swift; path = ViewController.swift; sourceTree = "<group>"; };
		4A40F8B01F02093A00871835 /* Base */ = {isa = PBXFileReference; lastKnownFileType = file.storyboard; name = Base; path = Base.lproj/Main.storyboard; sourceTree = "<group>"; };
		4A40F8B21F02093B00871835 /* Assets.xcassets */ = {isa = PBXFileReference; lastKnownFileType = folder.assetcatalog; path = Assets.xcassets; sourceTree = "<group>"; };
		4A40F8B51F02093B00871835 /* Base */ = {isa = PBXFileReference; lastKnownFileType = file.storyboard; name = Base; path = Base.lproj/LaunchScreen.storyboard; sourceTree = "<group>"; };
		4A40F8B71F02093B00871835 /* Info.plist */ = {isa = PBXFileReference; lastKnownFileType = text.plist.xml; path = Info.plist; sourceTree = "<group>"; };
		4A40F8BE1F0229A700871835 /* user.png */ = {isa = PBXFileReference; lastKnownFileType = image.png; path = user.png; sourceTree = "<group>"; };
/* End PBXFileReference section */

/* Begin PBXFrameworksBuildPhase section */
		4A40F8A51F02093A00871835 /* Frameworks */ = {
			isa = PBXFrameworksBuildPhase;
			buildActionMask = 2147483647;
			files = (
			);
			runOnlyForDeploymentPostprocessing = 0;
		};
/* End PBXFrameworksBuildPhase section */

/* Begin PBXGroup section */
		4A40F89F1F02093A00871835 = {
			isa = PBXGroup;
			children = (
				4A40F8AA1F02093A00871835 /* MyApp10 */,
				4A40F8A91F02093A00871835 /* Products */,
			);
			sourceTree = "<group>";
		};
		4A40F8A91F02093A00871835 /* Products */ = {
			isa = PBXGroup;
			children = (
				4A40F8A81F02093A00871835 /* MyApp10.app */,
			);
			name = Products;
			sourceTree = "<group>";
		};
		4A40F8AA1F02093A00871835 /* MyApp10 */ = {
			isa = PBXGroup;
			children = (
				4A40F8BD1F0228F800871835 /* New Group */,
				4A40F8AB1F02093A00871835 /* AppDelegate.swift */,
				4A40F8AD1F02093A00871835 /* ViewController.swift */,
				4A40F8AF1F02093A00871835 /* Main.storyboard */,
				4A40F8B21F02093B00871835 /* Assets.xcassets */,
				4A40F8B41F02093B00871835 /* LaunchScreen.storyboard */,
				4A40F8B71F02093B00871835 /* Info.plist */,
			);
			path = MyApp10;
			sourceTree = "<group>";
		};
		4A40F8BD1F0228F800871835 /* New Group */ = {
			isa = PBXGroup;
			children = (
				4A40F8BE1F0229A700871835 /* user.png */,
			);
			name = "New Group";
			sourceTree = "<group>";
		};
/* End PBXGroup section */

/* Begin PBXNativeTarget section */
		4A40F8A71F02093A00871835 /* MyApp10 */ = {
			isa = PBXNativeTarget;
			buildConfigurationList = 4A40F8BA1F02093B00871835 /* Build configuration list for PBXNativeTarget "MyApp10" */;
			buildPhases = (
				4A40F8A41F02093A00871835 /* Sources */,
				4A40F8A51F02093A00871835 /* Frameworks */,
				4A40F8A61F02093A00871835 /* Resources */,
			);
			buildRules = (
			);
			dependencies = (
			);
			name = MyApp10;
			productName = MyApp10;
			productReference = 4A40F8A81F02093A00871835 /* MyApp10.app */;
			productType = "com.apple.product-type.application";
		};
/* End PBXNativeTarget section */

/* Begin PBXProject section */
		4A40F8A01F02093A00871835 /* Project object */ = {
			isa = PBXProject;
			attributes = {
				LastSwiftUpdateCheck = 0830;
				LastUpgradeCheck = 0830;
				ORGANIZATIONNAME = "iii-user";
				TargetAttributes = {
					4A40F8A71F02093A00871835 = {
						CreatedOnToolsVersion = 8.3.3;
						DevelopmentTeam = E6779B3XT4;
						ProvisioningStyle = Automatic;
					};
				};
			};
			buildConfigurationList = 4A40F8A31F02093A00871835 /* Build configuration list for PBXProject "MyApp10" */;
			compatibilityVersion = "Xcode 3.2";
			developmentRegion = English;
			hasScannedForEncodings = 0;
			knownRegions = (
				en,
				Base,
			);
			mainGroup = 4A40F89F1F02093A00871835;
			productRefGroup = 4A40F8A91F02093A00871835 /* Products */;
			projectDirPath = "";
			projectRoot = "";
			targets = (
				4A40F8A71F02093A00871835 /* MyApp10 */,
			);
		};
/* End PBXProject section */

/* Begin PBXResourcesBuildPhase section */
		4A40F8A61F02093A00871835 /* Resources */ = {
			isa = PBXResourcesBuildPhase;
			buildActionMask = 2147483647;
			files = (
				4A40F8B61F02093B00871835 /* LaunchScreen.storyboard in Resources */,
				4A40F8B31F02093B00871835 /* Assets.xcassets in Resources */,
				4A40F8BF1F0229A700871835 /* user.png in Resources */,
				4A40F8B11F02093A00871835 /* Main.storyboard in Resources */,
			);
			runOnlyForDeploymentPostprocessing = 0;
		};
/* End PBXResourcesBuildPhase section */

/* Begin PBXSourcesBuildPhase section */
		4A40F8A41F02093A00871835 /* Sources */ = {
			isa = PBXSourcesBuildPhase;
			buildActionMask = 2147483647;
			files = (
				4A40F8AE1F02093A00871835 /* ViewController.swift in Sources */,
				4A40F8AC1F02093A00871835 /* AppDelegate.swift in Sources */,
			);
			runOnlyForDeploymentPostprocessing = 0;
		};
/* End PBXSourcesBuildPhase section */

/* Begin PBXVariantGroup section */
		4A40F8AF1F02093A00871835 /* Main.storyboard */ = {
			isa = PBXVariantGroup;
			children = (
				4A40F8B01F02093A00871835 /* Base */,
			);
			name = Main.storyboard;
			sourceTree = "<group>";
		};
		4A40F8B41F02093B00871835 /* LaunchScreen.storyboard */ = {
			isa = PBXVariantGroup;
			children = (
				4A40F8B51F02093B00871835 /* Base */,
			);
			name = LaunchScreen.storyboard;
			sourceTree = "<group>";
		};
/* End PBXVariantGroup section */

/* Begin XCBuildConfiguration section */
		4A40F8B81F02093B00871835 /* Debug */ = {
			isa = XCBuildConfiguration;
			buildSettings = {
				ALWAYS_SEARCH_USER_PATHS = NO;
				CLANG_ANALYZER_NONNULL = YES;
				CLANG_ANALYZER_NUMBER_OBJECT_CONVERSION = YES_AGGRESSIVE;
				CLANG_CXX_LANGUAGE_STANDARD = "gnu++0x";
				CLANG_CXX_LIBRARY = "libc++";
				CLANG_ENABLE_MODULES = YES;
				CLANG_ENABLE_OBJC_ARC = YES;
				CLANG_WARN_BOOL_CONVERSION = YES;
				CLANG_WARN_CONSTANT_CONVERSION = YES;
				CLANG_WARN_DIRECT_OBJC_ISA_USAGE = YES_ERROR;
				CLANG_WARN_DOCUMENTATION_COMMENTS = YES;
				CLANG_WARN_EMPTY_BODY = YES;
				CLANG_WARN_ENUM_CONVERSION = YES;
				CLANG_WARN_INFINITE_RECURSION = YES;
				CLANG_WARN_INT_CONVERSION = YES;
				CLANG_WARN_OBJC_ROOT_CLASS = YES_ERROR;
				CLANG_WARN_SUSPICIOUS_MOVE = YES;
				CLANG_WARN_UNREACHABLE_CODE = YES;
				CLANG_WARN__DUPLICATE_METHOD_MATCH = YES;
				"CODE_SIGN_IDENTITY[sdk=iphoneos*]" = "iPhone Developer";
				COPY_PHASE_STRIP = NO;
				DEBUG_INFORMATION_FORMAT = dwarf;
				ENABLE_STRICT_OBJC_MSGSEND = YES;
				ENABLE_TESTABILITY = YES;
				GCC_C_LANGUAGE_STANDARD = gnu99;
				GCC_DYNAMIC_NO_PIC = NO;
				GCC_NO_COMMON_BLOCKS = YES;
				GCC_OPTIMIZATION_LEVEL = 0;
				GCC_PREPROCESSOR_DEFINITIONS = (
					"DEBUG=1",
					"$(inherited)",
				);
				GCC_WARN_64_TO_32_BIT_CONVERSION = YES;
				GCC_WARN_ABOUT_RETURN_TYPE = YES_ERROR;
				GCC_WARN_UNDECLARED_SELECTOR = YES;
				GCC_WARN_UNINITIALIZED_AUTOS = YES_AGGRESSIVE;
				GCC_WARN_UNUSED_FUNCTION = YES;
				GCC_WARN_UNUSED_VARIABLE = YES;
				IPHONEOS_DEPLOYMENT_TARGET = 10.3;
				MTL_ENABLE_DEBUG_INFO = YES;
				ONLY_ACTIVE_ARCH = YES;
				SDKROOT = iphoneos;
				SWIFT_ACTIVE_COMPILATION_CONDITIONS = DEBUG;
				SWIFT_OPTIMIZATION_LEVEL = "-Onone";
				TARGETED_DEVICE_FAMILY = "1,2";
			};
			name = Debug;
		};
		4A40F8B91F02093B00871835 /* Release */ = {
			isa = XCBuildConfiguration;
			buildSettings = {
				ALWAYS_SEARCH_USER_PATHS = NO;
				CLANG_ANALYZER_NONNULL = YES;
				CLANG_ANALYZER_NUMBER_OBJECT_CONVERSION = YES_AGGRESSIVE;
				CLANG_CXX_LANGUAGE_STANDARD = "gnu++0x";
				CLANG_CXX_LIBRARY = "libc++";
				CLANG_ENABLE_MODULES = YES;
				CLANG_ENABLE_OBJC_ARC = YES;
				CLANG_WARN_BOOL_CONVERSION = YES;
				CLANG_WARN_CONSTANT_CONVERSION = YES;
				CLANG_WARN_DIRECT_OBJC_ISA_USAGE = YES_ERROR;
				CLANG_WARN_DOCUMENTATION_COMMENTS = YES;
				CLANG_WARN_EMPTY_BODY = YES;
				CLANG_WARN_ENUM_CONVERSION = YES;
				CLANG_WARN_INFINITE_RECURSION = YES;
				CLANG_WARN_INT_CONVERSION = YES;
				CLANG_WARN_OBJC_ROOT_CLASS = YES_ERROR;
				CLANG_WARN_SUSPICIOUS_MOVE = YES;
				CLANG_WARN_UNREACHABLE_CODE = YES;
				CLANG_WARN__DUPLICATE_METHOD_MATCH = YES;
				"CODE_SIGN_IDENTITY[sdk=iphoneos*]" = "iPhone Developer";
				COPY_PHASE_STRIP = NO;
				DEBUG_INFORMATION_FORMAT = "dwarf-with-dsym";
				ENABLE_NS_ASSERTIONS = NO;
				ENABLE_STRICT_OBJC_MSGSEND = YES;
				GCC_C_LANGUAGE_STANDARD = gnu99;
				GCC_NO_COMMON_BLOCKS = YES;
				GCC_WARN_64_TO_32_BIT_CONVERSION = YES;
				GCC_WARN_ABOUT_RETURN_TYPE = YES_ERROR;
				GCC_WARN_UNDECLARED_SELECTOR = YES;
				GCC_WARN_UNINITIALIZED_AUTOS = YES_AGGRESSIVE;
				GCC_WARN_UNUSED_FUNCTION = YES;
				GCC_WARN_UNUSED_VARIABLE = YES;
				IPHONEOS_DEPLOYMENT_TARGET = 10.3;
				MTL_ENABLE_DEBUG_INFO = NO;
				SDKROOT = iphoneos;
				SWIFT_OPTIMIZATION_LEVEL = "-Owholemodule";
				TARGETED_DEVICE_FAMILY = "1,2";
				VALIDATE_PRODUCT = YES;
			};
			name = Release;
		};
		4A40F8BB1F02093B00871835 /* Debug */ = {
			isa = XCBuildConfiguration;
			buildSettings = {
				ASSETCATALOG_COMPILER_APPICON_NAME = AppIcon;
				DEVELOPMENT_TEAM = E6779B3XT4;
				INFOPLIST_FILE = MyApp10/Info.plist;
				LD_RUNPATH_SEARCH_PATHS = "$(inherited) @executable_path/Frameworks";
				PRODUCT_BUNDLE_IDENTIFIER = tw.org.iii.MyApp10;
				PRODUCT_NAME = "$(TARGET_NAME)";
				SWIFT_VERSION = 3.0;
			};
			name = Debug;
		};
		4A40F8BC1F02093B00871835 /* Release */ = {
			isa = XCBuildConfiguration;
			buildSettings = {
				ASSETCATALOG_COMPILER_APPICON_NAME = AppIcon;
				DEVELOPMENT_TEAM = E6779B3XT4;
				INFOPLIST_FILE = MyApp10/Info.plist;
				LD_RUNPATH_SEARCH_PATHS = "$(inherited) @executable_path/Frameworks";
				PRODUCT_BUNDLE_IDENTIFIER = tw.org.iii.MyApp10;
				PRODUCT_NAME = "$(TARGET_NAME)";
				SWIFT_VERSION = 3.0;
			};
			name = Release;
		};
/* End XCBuildConfiguration section */

/* Begin XCConfigurationList section */
		4A40F8A31F02093A00871835 /* Build configuration list for PBXProject "MyApp10" */ = {
			isa = XCConfigurationList;
			buildConfigurations = (
				4A40F8B81F02093B00871835 /* Debug */,
				4A40F8B91F02093B00871835 /* Release */,
			);
			defaultConfigurationIsVisible = 0;
			defaultConfigurationName = Release;
		};
		4A40F8BA1F02093B00871835 /* Build configuration list for PBXNativeTarget "MyApp10" */ = {
			isa = XCConfigurationList;
			buildConfigurations = (
				4A40F8BB1F02093B00871835 /* Debug */,
				4A40F8BC1F02093B00871835 /* Release */,
			);
			defaultConfigurationIsVisible = 0;
		};
/* End XCConfigurationList section */
	};
	rootObject = 4A40F8A01F02093A00871835 /* Project object */;
}
